
Microsoft Visual Studio Solution File, Format Version 12.00
# Visual Studio Version 16
VisualStudioVersion = 16.0.31205.134
MinimumVisualStudioVersion = 10.0.40219.1
Project("{9A19103F-16F7-4668-BE54-9A1E7A4F7556}") = "Web Service", "..\Маша\PZ\Web Service\Web Service.csproj", "{A2590971-4710-4350-8A57-5A25B326A574}"
EndProject
Project("{9A19103F-16F7-4668-BE54-9A1E7A4F7556}") = "Client_WPF", "..\Маша\PZ\Client_WPF\Client_WPF.csproj", "{2F52D42B-0B19-4068-B8E6-34D6DC58D653}"
EndProject
Global
	GlobalSection(SolutionConfigurationPlatforms) = preSolution
		Debug|Any CPU = Debug|Any CPU
		Release|Any CPU = Release|Any CPU
	EndGlobalSection
	GlobalSection(ProjectConfigurationPlatforms) = postSolution
		{A2590971-4710-4350-8A57-5A25B326A574}.Debug|Any CPU.ActiveCfg = Debug|Any CPU
		{A2590971-4710-4350-8A57-5A25B326A574}.Debug|Any CPU.Build.0 = Debug|Any CPU
		{A2590971-4710-4350-8A57-5A25B326A574}.Release|Any CPU.ActiveCfg = Release|Any CPU
		{A2590971-4710-4350-8A57-5A25B326A574}.Release|Any CPU.Build.0 = Release|Any CPU
		{2F52D42B-0B19-4068-B8E6-34D6DC58D653}.Debug|Any CPU.ActiveCfg = Debug|Any CPU
		{2F52D42B-0B19-4068-B8E6-34D6DC58D653}.Debug|Any CPU.Build.0 = Debug|Any CPU
		{2F52D42B-0B19-4068-B8E6-34D6DC58D653}.Release|Any CPU.ActiveCfg = Release|Any CPU
		{2F52D42B-0B19-4068-B8E6-34D6DC58D653}.Release|Any CPU.Build.0 = Release|Any CPU
	EndGlobalSection
	GlobalSection(SolutionProperties) = preSolution
		HideSolutionNode = FALSE
	EndGlobalSection
	GlobalSection(ExtensibilityGlobals) = postSolution
		SolutionGuid = {74025F6A-4C6D-4314-AB8B-E09D6D43D9FB}
	EndGlobalSection
EndGlobal
